Microsoft Visual Studio Solution File, Format Version 12.00
# Visual Studio Version 17
VisualStudioVersion = 17.5.2.0
MinimumVisualStudioVersion = 10.0.40219.1
Project("{2150E333-8FDC-42A3-9474-1A3956D46DE8}") = "be", "be", "{925EF7A6-BD2D-FD16-DA9B-B4A434F89C38}"
EndProject
Project("{FAE04EC0-301F-11D3-BF4B-00C04F79EFBC}") = "BloodDonationAPI", "be\BloodDonationAPI.csproj", "{1CD95B19-4E13-7000-C96B-A35AD11262EE}"
EndProject
Global
	GlobalSection(SolutionConfigurationPlatforms) = preSolution
		Debug|Any CPU = Debug|Any CPU
		Release|Any CPU = Release|Any CPU
	EndGlobalSection
	GlobalSection(ProjectConfigurationPlatforms) = postSolution
		{1CD95B19-4E13-7000-C96B-A35AD11262EE}.Debug|Any CPU.ActiveCfg = Debug|Any CPU
		{1CD95B19-4E13-7000-C96B-A35AD11262EE}.Debug|Any CPU.Build.0 = Debug|Any CPU
		{1CD95B19-4E13-7000-C96B-A35AD11262EE}.Release|Any CPU.ActiveCfg = Release|Any CPU
		{1CD95B19-4E13-7000-C96B-A35AD11262EE}.Release|Any CPU.Build.0 = Release|Any CPU
	EndGlobalSection
	GlobalSection(SolutionProperties) = preSolution
		HideSolutionNode = FALSE
	EndGlobalSection
	GlobalSection(NestedProjects) = preSolution
		{1CD95B19-4E13-7000-C96B-A35AD11262EE} = {925EF7A6-BD2D-FD16-DA9B-B4A434F89C38}
	EndGlobalSection
	GlobalSection(ExtensibilityGlobals) = postSolution
		SolutionGuid = {A0B091BF-1DA9-46A8-8670-276D8B82D8FE}
	EndGlobalSection
EndGlobal
